
Microsoft Visual Studio Solution File, Format Version 12.00
# Visual Studio Version 16
VisualStudioVersion = 16.0.31529.145
MinimumVisualStudioVersion = 10.0.40219.1
Project("{FAE04EC0-301F-11D3-BF4B-00C04F79EFBC}") = "UserRoleManage", "UserRoleManage\UserRoleManage.csproj", "{12284DE6-F940-4A9E-A0BE-0C786F35BF09}"
EndProject
Global
	GlobalSection(SolutionConfigurationPlatforms) = preSolution
		Debug|Any CPU = Debug|Any CPU
		Release|Any CPU = Release|Any CPU
	EndGlobalSection
	GlobalSection(ProjectConfigurationPlatforms) = postSolution
		{12284DE6-F940-4A9E-A0BE-0C786F35BF09}.Debug|Any CPU.ActiveCfg = Debug|Any CPU
		{12284DE6-F940-4A9E-A0BE-0C786F35BF09}.Debug|Any CPU.Build.0 = Debug|Any CPU
		{12284DE6-F940-4A9E-A0BE-0C786F35BF09}.Release|Any CPU.ActiveCfg = Release|Any CPU
		{12284DE6-F940-4A9E-A0BE-0C786F35BF09}.Release|Any CPU.Build.0 = Release|Any CPU
	EndGlobalSection
	GlobalSection(SolutionProperties) = preSolution
		HideSolutionNode = FALSE
	EndGlobalSection
	GlobalSection(ExtensibilityGlobals) = postSolution
		SolutionGuid = {2C372BDF-5653-4361-BF2A-51BCBC240ACA}
	EndGlobalSection
EndGlobal
